
Microsoft Visual Studio Solution File, Format Version 12.00
# Visual Studio Version 17
VisualStudioVersion = 17.14.36310.24 d17.14
MinimumVisualStudioVersion = 10.0.40219.1
Project("{FAE04EC0-301F-11D3-BF4B-00C04F79EFBC}") = "ApiMicro", "ApiMicro\ApiMicro.csproj", "{55FAC9CF-C072-49FC-AAD5-58A4B6F2E662}"
EndProject
Global
	GlobalSection(SolutionConfigurationPlatforms) = preSolution
		Debug|Any CPU = Debug|Any CPU
		Release|Any CPU = Release|Any CPU
	EndGlobalSection
	GlobalSection(ProjectConfigurationPlatforms) = postSolution
		{55FAC9CF-C072-49FC-AAD5-58A4B6F2E662}.Debug|Any CPU.ActiveCfg = Debug|Any CPU
		{55FAC9CF-C072-49FC-AAD5-58A4B6F2E662}.Debug|Any CPU.Build.0 = Debug|Any CPU
		{55FAC9CF-C072-49FC-AAD5-58A4B6F2E662}.Release|Any CPU.ActiveCfg = Release|Any CPU
		{55FAC9CF-C072-49FC-AAD5-58A4B6F2E662}.Release|Any CPU.Build.0 = Release|Any CPU
	EndGlobalSection
	GlobalSection(SolutionProperties) = preSolution
		HideSolutionNode = FALSE
	EndGlobalSection
	GlobalSection(ExtensibilityGlobals) = postSolution
		SolutionGuid = {EE323F2A-99FB-4CAB-9CFB-980AF031F7E4}
	EndGlobalSection
EndGlobal
